
Microsoft Visual Studio Solution File, Format Version 12.00
# Visual Studio Version 17
VisualStudioVersion = 17.7.34018.315
MinimumVisualStudioVersion = 10.0.40219.1
Project("{9A19103F-16F7-4668-BE54-9A1E7A4F7556}") = "ReservasAPPv1", "ReservasAPPv1\ReservasAPPv1.csproj", "{7CA5DC4C-F9F7-4A9E-BAE2-D3F5457A2D9B}"
EndProject
Project("{9A19103F-16F7-4668-BE54-9A1E7A4F7556}") = "Reservas.BLL", "Reservas.BLL\Reservas.BLL.csproj", "{B95830D4-1D87-4BC7-A4AE-8BDEDDBD2FC9}"
EndProject
Project("{9A19103F-16F7-4668-BE54-9A1E7A4F7556}") = "Reservas.DAL", "Reservas.DAL\Reservas.DAL.csproj", "{683E66A0-5035-4B7F-93B6-D99C1DFC4560}"
EndProject
Project("{9A19103F-16F7-4668-BE54-9A1E7A4F7556}") = "Reservas.MODEL", "Reservas.MODEL\Reservas.MODEL.csproj", "{C6B65BB7-5098-467A-8C0A-E69C74C3FFB1}"
EndProject
Project("{FAE04EC0-301F-11D3-BF4B-00C04F79EFBC}") = "Reservas.BLLService", "Reservas.BLLService\Reservas.BLLService.csproj", "{B854DC11-031F-429D-926C-210F664160CF}"
EndProject
Global
	GlobalSection(SolutionConfigurationPlatforms) = preSolution
		Debug|Any CPU = Debug|Any CPU
		Release|Any CPU = Release|Any CPU
	EndGlobalSection
	GlobalSection(ProjectConfigurationPlatforms) = postSolution
		{7CA5DC4C-F9F7-4A9E-BAE2-D3F5457A2D9B}.Debug|Any CPU.ActiveCfg = Debug|Any CPU
		{7CA5DC4C-F9F7-4A9E-BAE2-D3F5457A2D9B}.Debug|Any CPU.Build.0 = Debug|Any CPU
		{7CA5DC4C-F9F7-4A9E-BAE2-D3F5457A2D9B}.Release|Any CPU.ActiveCfg = Release|Any CPU
		{7CA5DC4C-F9F7-4A9E-BAE2-D3F5457A2D9B}.Release|Any CPU.Build.0 = Release|Any CPU
		{B95830D4-1D87-4BC7-A4AE-8BDEDDBD2FC9}.Debug|Any CPU.ActiveCfg = Debug|Any CPU
		{B95830D4-1D87-4BC7-A4AE-8BDEDDBD2FC9}.Debug|Any CPU.Build.0 = Debug|Any CPU
		{B95830D4-1D87-4BC7-A4AE-8BDEDDBD2FC9}.Release|Any CPU.ActiveCfg = Release|Any CPU
		{B95830D4-1D87-4BC7-A4AE-8BDEDDBD2FC9}.Release|Any CPU.Build.0 = Release|Any CPU
		{683E66A0-5035-4B7F-93B6-D99C1DFC4560}.Debug|Any CPU.ActiveCfg = Debug|Any CPU
		{683E66A0-5035-4B7F-93B6-D99C1DFC4560}.Debug|Any CPU.Build.0 = Debug|Any CPU
		{683E66A0-5035-4B7F-93B6-D99C1DFC4560}.Release|Any CPU.ActiveCfg = Release|Any CPU
		{683E66A0-5035-4B7F-93B6-D99C1DFC4560}.Release|Any CPU.Build.0 = Release|Any CPU
		{C6B65BB7-5098-467A-8C0A-E69C74C3FFB1}.Debug|Any CPU.ActiveCfg = Debug|Any CPU
		{C6B65BB7-5098-467A-8C0A-E69C74C3FFB1}.Debug|Any CPU.Build.0 = Debug|Any CPU
		{C6B65BB7-5098-467A-8C0A-E69C74C3FFB1}.Release|Any CPU.ActiveCfg = Release|Any CPU
		{C6B65BB7-5098-467A-8C0A-E69C74C3FFB1}.Release|Any CPU.Build.0 = Release|Any CPU
		{B854DC11-031F-429D-926C-210F664160CF}.Debug|Any CPU.ActiveCfg = Debug|Any CPU
		{B854DC11-031F-429D-926C-210F664160CF}.Debug|Any CPU.Build.0 = Debug|Any CPU
		{B854DC11-031F-429D-926C-210F664160CF}.Release|Any CPU.ActiveCfg = Release|Any CPU
		{B854DC11-031F-429D-926C-210F664160CF}.Release|Any CPU.Build.0 = Release|Any CPU
	EndGlobalSection
	GlobalSection(SolutionProperties) = preSolution
		HideSolutionNode = FALSE
	EndGlobalSection
	GlobalSection(ExtensibilityGlobals) = postSolution
		SolutionGuid = {CBF6B7A1-A843-42C1-B571-E6A959A5E2A6}
	EndGlobalSection
EndGlobal
